
Microsoft Visual Studio Solution File, Format Version 12.00
# Visual Studio Version 17
VisualStudioVersion = 17.0.32014.148
MinimumVisualStudioVersion = 10.0.40219.1
Project("{FAE04EC0-301F-11D3-BF4B-00C04F79EFBC}") = "lab9_visual", "lab9_visual\lab9_visual.csproj", "{AA72EF78-D927-4EB7-BA5A-F98FA1ACE72E}"
EndProject
Global
	GlobalSection(SolutionConfigurationPlatforms) = preSolution
		Debug|Any CPU = Debug|Any CPU
		Release|Any CPU = Release|Any CPU
	EndGlobalSection
	GlobalSection(ProjectConfigurationPlatforms) = postSolution
		{AA72EF78-D927-4EB7-BA5A-F98FA1ACE72E}.Debug|Any CPU.ActiveCfg = Debug|Any CPU
		{AA72EF78-D927-4EB7-BA5A-F98FA1ACE72E}.Debug|Any CPU.Build.0 = Debug|Any CPU
		{AA72EF78-D927-4EB7-BA5A-F98FA1ACE72E}.Release|Any CPU.ActiveCfg = Release|Any CPU
		{AA72EF78-D927-4EB7-BA5A-F98FA1ACE72E}.Release|Any CPU.Build.0 = Release|Any CPU
	EndGlobalSection
	GlobalSection(SolutionProperties) = preSolution
		HideSolutionNode = FALSE
	EndGlobalSection
	GlobalSection(ExtensibilityGlobals) = postSolution
		SolutionGuid = {6FB23282-1EF8-4999-9D74-045FC5A67FB5}
	EndGlobalSection
EndGlobal
